
Microsoft Visual Studio Solution File, Format Version 12.00
# Visual Studio 15
VisualStudioVersion = 15.0.28307.136
MinimumVisualStudioVersion = 10.0.40219.1
Project("{8BC9CEB8-8B4A-11D0-8D11-00A0C91BC942}") = "VS", "VS\VS.vcxproj", "{CC09A9AB-1CFA-4F16-BC0E-7B59D07408A0}"
EndProject
Global
	GlobalSection(SolutionConfigurationPlatforms) = preSolution
		Debug|x64 = Debug|x64
		Debug|x86 = Debug|x86
		Release|x64 = Release|x64
		Release|x86 = Release|x86
	EndGlobalSection
	GlobalSection(ProjectConfigurationPlatforms) = postSolution
		{CC09A9AB-1CFA-4F16-BC0E-7B59D07408A0}.Debug|x64.ActiveCfg = Debug|x64
		{CC09A9AB-1CFA-4F16-BC0E-7B59D07408A0}.Debug|x64.Build.0 = Debug|x64
		{CC09A9AB-1CFA-4F16-BC0E-7B59D07408A0}.Debug|x86.ActiveCfg = Debug|Win32
		{CC09A9AB-1CFA-4F16-BC0E-7B59D07408A0}.Debug|x86.Build.0 = Debug|Win32
		{CC09A9AB-1CFA-4F16-BC0E-7B59D07408A0}.Release|x64.ActiveCfg = Release|x64
		{CC09A9AB-1CFA-4F16-BC0E-7B59D07408A0}.Release|x64.Build.0 = Release|x64
		{CC09A9AB-1CFA-4F16-BC0E-7B59D07408A0}.Release|x86.ActiveCfg = Release|Win32
		{CC09A9AB-1CFA-4F16-BC0E-7B59D07408A0}.Release|x86.Build.0 = Release|Win32
	EndGlobalSection
	GlobalSection(SolutionProperties) = preSolution
		HideSolutionNode = FALSE
	EndGlobalSection
	GlobalSection(ExtensibilityGlobals) = postSolution
		SolutionGuid = {DB1F53ED-E0CA-4C39-B6F6-010736A8EB42}
	EndGlobalSection
EndGlobal
